
Microsoft Visual Studio Solution File, Format Version 12.00
# Visual Studio Version 16
VisualStudioVersion = 16.0.29806.167
MinimumVisualStudioVersion = 10.0.40219.1
Project("{9A19103F-16F7-4668-BE54-9A1E7A4F7556}") = "SIMDUT", "SIMDUT\SIMDUT.csproj", "{72D1A2ED-DBF4-4C78-9B4D-62B5D8E579EF}"
EndProject
Project("{FAE04EC0-301F-11D3-BF4B-00C04F79EFBC}") = "SIMDUT.iOS", "SIMDUT.iOS\SIMDUT.iOS.csproj", "{79F13BD9-AB25-4264-82ED-8DA917D5530C}"
EndProject
Project("{FAE04EC0-301F-11D3-BF4B-00C04F79EFBC}") = "SIMDUT.Android", "SIMDUT.Android\SIMDUT.Android.csproj", "{063CFD4E-9ABC-40C2-A96E-DE0CF6C74E0B}"
EndProject
Global
	GlobalSection(SolutionConfigurationPlatforms) = preSolution
		Debug|Any CPU = Debug|Any CPU
		Debug|iPhone = Debug|iPhone
		Debug|iPhoneSimulator = Debug|iPhoneSimulator
		Release|Any CPU = Release|Any CPU
		Release|iPhone = Release|iPhone
		Release|iPhoneSimulator = Release|iPhoneSimulator
	EndGlobalSection
	GlobalSection(ProjectConfigurationPlatforms) = postSolution
		{72D1A2ED-DBF4-4C78-9B4D-62B5D8E579EF}.Debug|Any CPU.ActiveCfg = Debug|Any CPU
		{72D1A2ED-DBF4-4C78-9B4D-62B5D8E579EF}.Debug|Any CPU.Build.0 = Debug|Any CPU
		{72D1A2ED-DBF4-4C78-9B4D-62B5D8E579EF}.Debug|iPhone.ActiveCfg = Debug|Any CPU
		{72D1A2ED-DBF4-4C78-9B4D-62B5D8E579EF}.Debug|iPhone.Build.0 = Debug|Any CPU
		{72D1A2ED-DBF4-4C78-9B4D-62B5D8E579EF}.Debug|iPhoneSimulator.ActiveCfg = Debug|Any CPU
		{72D1A2ED-DBF4-4C78-9B4D-62B5D8E579EF}.Debug|iPhoneSimulator.Build.0 = Debug|Any CPU
		{72D1A2ED-DBF4-4C78-9B4D-62B5D8E579EF}.Release|Any CPU.ActiveCfg = Release|Any CPU
		{72D1A2ED-DBF4-4C78-9B4D-62B5D8E579EF}.Release|Any CPU.Build.0 = Release|Any CPU
		{72D1A2ED-DBF4-4C78-9B4D-62B5D8E579EF}.Release|iPhone.ActiveCfg = Release|Any CPU
		{72D1A2ED-DBF4-4C78-9B4D-62B5D8E579EF}.Release|iPhone.Build.0 = Release|Any CPU
		{72D1A2ED-DBF4-4C78-9B4D-62B5D8E579EF}.Release|iPhoneSimulator.ActiveCfg = Release|Any CPU
		{72D1A2ED-DBF4-4C78-9B4D-62B5D8E579EF}.Release|iPhoneSimulator.Build.0 = Release|Any CPU
		{79F13BD9-AB25-4264-82ED-8DA917D5530C}.Debug|Any CPU.ActiveCfg = Debug|iPhone
		{79F13BD9-AB25-4264-82ED-8DA917D5530C}.Debug|iPhone.ActiveCfg = Debug|iPhone
		{79F13BD9-AB25-4264-82ED-8DA917D5530C}.Debug|iPhone.Build.0 = Debug|iPhone
		{79F13BD9-AB25-4264-82ED-8DA917D5530C}.Debug|iPhone.Deploy.0 = Debug|iPhone
		{79F13BD9-AB25-4264-82ED-8DA917D5530C}.Debug|iPhoneSimulator.ActiveCfg = Debug|iPhoneSimulator
		{79F13BD9-AB25-4264-82ED-8DA917D5530C}.Debug|iPhoneSimulator.Build.0 = Debug|iPhoneSimulator
		{79F13BD9-AB25-4264-82ED-8DA917D5530C}.Release|Any CPU.ActiveCfg = Release|iPhone
		{79F13BD9-AB25-4264-82ED-8DA917D5530C}.Release|iPhone.ActiveCfg = Release|iPhone
		{79F13BD9-AB25-4264-82ED-8DA917D5530C}.Release|iPhone.Build.0 = Release|iPhone
		{79F13BD9-AB25-4264-82ED-8DA917D5530C}.Release|iPhone.Deploy.0 = Release|iPhone
		{79F13BD9-AB25-4264-82ED-8DA917D5530C}.Release|iPhoneSimulator.ActiveCfg = Release|iPhoneSimulator
		{79F13BD9-AB25-4264-82ED-8DA917D5530C}.Release|iPhoneSimulator.Build.0 = Release|iPhoneSimulator
		{063CFD4E-9ABC-40C2-A96E-DE0CF6C74E0B}.Debug|Any CPU.ActiveCfg = Debug|Any CPU
		{063CFD4E-9ABC-40C2-A96E-DE0CF6C74E0B}.Debug|Any CPU.Build.0 = Debug|Any CPU
		{063CFD4E-9ABC-40C2-A96E-DE0CF6C74E0B}.Debug|Any CPU.Deploy.0 = Debug|Any CPU
		{063CFD4E-9ABC-40C2-A96E-DE0CF6C74E0B}.Debug|iPhone.ActiveCfg = Debug|Any CPU
		{063CFD4E-9ABC-40C2-A96E-DE0CF6C74E0B}.Debug|iPhone.Build.0 = Debug|Any CPU
		{063CFD4E-9ABC-40C2-A96E-DE0CF6C74E0B}.Debug|iPhone.Deploy.0 = Debug|Any CPU
		{063CFD4E-9ABC-40C2-A96E-DE0CF6C74E0B}.Debug|iPhoneSimulator.ActiveCfg = Debug|Any CPU
		{063CFD4E-9ABC-40C2-A96E-DE0CF6C74E0B}.Debug|iPhoneSimulator.Build.0 = Debug|Any CPU
		{063CFD4E-9ABC-40C2-A96E-DE0CF6C74E0B}.Debug|iPhoneSimulator.Deploy.0 = Debug|Any CPU
		{063CFD4E-9ABC-40C2-A96E-DE0CF6C74E0B}.Release|Any CPU.ActiveCfg = Release|Any CPU
		{063CFD4E-9ABC-40C2-A96E-DE0CF6C74E0B}.Release|Any CPU.Build.0 = Release|Any CPU
		{063CFD4E-9ABC-40C2-A96E-DE0CF6C74E0B}.Release|Any CPU.Deploy.0 = Release|Any CPU
		{063CFD4E-9ABC-40C2-A96E-DE0CF6C74E0B}.Release|iPhone.ActiveCfg = Release|Any CPU
		{063CFD4E-9ABC-40C2-A96E-DE0CF6C74E0B}.Release|iPhone.Build.0 = Release|Any CPU
		{063CFD4E-9ABC-40C2-A96E-DE0CF6C74E0B}.Release|iPhone.Deploy.0 = Release|Any CPU
		{063CFD4E-9ABC-40C2-A96E-DE0CF6C74E0B}.Release|iPhoneSimulator.ActiveCfg = Release|Any CPU
		{063CFD4E-9ABC-40C2-A96E-DE0CF6C74E0B}.Release|iPhoneSimulator.Build.0 = Release|Any CPU
		{063CFD4E-9ABC-40C2-A96E-DE0CF6C74E0B}.Release|iPhoneSimulator.Deploy.0 = Release|Any CPU
	EndGlobalSection
	GlobalSection(SolutionProperties) = preSolution
		HideSolutionNode = FALSE
	EndGlobalSection
	GlobalSection(ExtensibilityGlobals) = postSolution
		SolutionGuid = {9CB6CA9C-4509-4E54-9559-30BBEF5EDE6B}
	EndGlobalSection
EndGlobal
